# This file is autogenerated, do not edit; changes may be undone by the next 'dep ensure'.


[[projects]]
  branch = "master"
  name = "github.com/HcashOrg/bliss"
  packages = [
    ".",
    "huffman",
    "params",
    "poly",
    "sampler"
  ]
  revision = "f5d53c2a9b7d05ffa1600cad036d3d51dd5423cc"

[[projects]]
  branch = "master"
  name = "github.com/HcashOrg/hcd"
  packages = [
    "blockchain/stake",
    "blockchain/stake/internal/dbnamespace",
    "blockchain/stake/internal/ticketdb",
    "blockchain/stake/internal/tickettreap",
    "chaincfg",
    "chaincfg/chainec",
    "chaincfg/chainhash",
    "crypto",
    "crypto/bliss",
    "database",
    "hcec/edwards",
    "hcec/secp256k1",
    "hcec/secp256k1/schnorr",
    "hcjson",
    "hcutil",
    "hcutil/base58",
    "txscript",
    "wire"
  ]
  revision = "049998835c25aac954fc43241e7255b780eeaace"

[[projects]]
  branch = "master"
  name = "github.com/agl/ed25519"
  packages = [
    ".",
    "edwards25519"
  ]
  revision = "5312a61534124124185d41f09206b9fef1d88403"

[[projects]]
  branch = "master"
  name = "github.com/btcsuite/btclog"
  packages = ["."]
  revision = "84c8d2346e9fc8c7b947e243b9c24e6df9fd206a"

[[projects]]
  branch = "master"
  name = "github.com/btcsuite/go-socks"
  packages = ["socks"]
  revision = "4720035b7bfd2a9bb130b1c184f8bbe41b6f0d0f"

[[projects]]
  branch = "master"
  name = "github.com/btcsuite/websocket"
  packages = ["."]
  revision = "31079b6807923eb23992c421b114992b95131b55"

[[projects]]
  name = "github.com/davecgh/go-spew"
  packages = ["spew"]
  revision = "8991bc29aa16c548c550c7ff78260e27b9ab7c73"
  version = "v1.1.1"

[[projects]]
  name = "github.com/dchest/blake256"
  packages = ["."]
  revision = "dee3fe6eb0e98dc774a94fc231f85baf7c29d360"
  version = "v1.0.0"

[[projects]]
  branch = "master"
  name = "golang.org/x/crypto"
  packages = [
    "ripemd160",
    "sha3"
  ]
  revision = "614d502a4dac94afa3a6ce146bd1736da82514c6"

[solve-meta]
  analyzer-name = "dep"
  analyzer-version = 1
  inputs-digest = "44d56456a7f7fee16ed030686533ea77a5b05c6b3943fa962449886e45ff00c7"
  solver-name = "gps-cdcl"
  solver-version = 1
